{
  "name": "mypos",
  "lockfileVersion": 3,
  "requires": true,
  "packages": {
    "": {
      "dependencies": {
        "pandoc": "^0.2.0",
        "sweetalert2": "^11.19.1"
      }
    },
    "node_modules/pandoc": {
      "version": "0.2.0",
      "resolved": "https://registry.npmjs.org/pandoc/-/pandoc-0.2.0.tgz",
      "integrity": "sha512-OD/Sqpv7QYwxgNpzLeEWPkN7+BQgJfONW5UUiEBwYItfszPUU4kS9fA4f0GpWoN1TdGW899dI/7vioMgchtNnQ==",
      "engines": {
        "node": ">= 0.4.0"
      }
    },
    "node_modules/sweetalert2": {
      "version": "11.19.1",
      "resolved": "https://registry.npmjs.org/sweetalert2/-/sweetalert2-11.19.1.tgz",
      "integrity": "sha512-+8yws3Sc1srAZbrgdhmEIZny1I1UOYhJOIOdtOlv4TYaP5kkwQ9Zm8/BT23Qg+KdByCNOazltxEJAHzXVu8mhA==",
      "license": "MIT",
      "funding": {
        "type": "individual",
        "url": "https://github.com/sponsors/limonte"
      }
    }
  }
}
